
Microsoft Visual Studio Solution File, Format Version 11.00
# Visual Studio 2010
Project("{FAE04EC0-301F-11D3-BF4B-00C04F79EFBC}") = "IdaArpGetInfo", "IdaArpGetInfo\IdaArpGetInfo.csproj", "{2B3323C2-D33F-4068-8263-9435E05A4AD9}"
EndProject
Project("{FAE04EC0-301F-11D3-BF4B-00C04F79EFBC}") = "IdaArpChangeIp", "IdaArpChangeIp\IdaArpChangeIp.csproj", "{C5FB3922-09CB-47EF-A015-C459BB2BF56D}"
EndProject
Project("{FAE04EC0-301F-11D3-BF4B-00C04F79EFBC}") = "Shared", "Shared\Shared.csproj", "{6AA63415-9E6B-4A69-96D5-DA798AE77822}"
EndProject
Project("{2150E333-8FDC-42A3-9474-1A3956D46DE8}") = "Solution Items", "Solution Items", "{A2C7D67B-D2CE-47CF-BC08-EA8663159D81}"
	ProjectSection(SolutionItems) = preProject
		ReadMe.txt = ReadMe.txt
	EndProjectSection
EndProject
Global
	GlobalSection(SolutionConfigurationPlatforms) = preSolution
		Debug|Any CPU = Debug|Any CPU
		Debug|Mixed Platforms = Debug|Mixed Platforms
		Debug|x86 = Debug|x86
		Release|Any CPU = Release|Any CPU
		Release|Mixed Platforms = Release|Mixed Platforms
		Release|x86 = Release|x86
	EndGlobalSection
	GlobalSection(ProjectConfigurationPlatforms) = postSolution
		{2B3323C2-D33F-4068-8263-9435E05A4AD9}.Debug|Any CPU.ActiveCfg = Debug|x86
		{2B3323C2-D33F-4068-8263-9435E05A4AD9}.Debug|Mixed Platforms.ActiveCfg = Debug|x86
		{2B3323C2-D33F-4068-8263-9435E05A4AD9}.Debug|Mixed Platforms.Build.0 = Debug|x86
		{2B3323C2-D33F-4068-8263-9435E05A4AD9}.Debug|x86.ActiveCfg = Debug|x86
		{2B3323C2-D33F-4068-8263-9435E05A4AD9}.Debug|x86.Build.0 = Debug|x86
		{2B3323C2-D33F-4068-8263-9435E05A4AD9}.Release|Any CPU.ActiveCfg = Release|x86
		{2B3323C2-D33F-4068-8263-9435E05A4AD9}.Release|Mixed Platforms.ActiveCfg = Release|x86
		{2B3323C2-D33F-4068-8263-9435E05A4AD9}.Release|Mixed Platforms.Build.0 = Release|x86
		{2B3323C2-D33F-4068-8263-9435E05A4AD9}.Release|x86.ActiveCfg = Release|x86
		{2B3323C2-D33F-4068-8263-9435E05A4AD9}.Release|x86.Build.0 = Release|x86
		{C5FB3922-09CB-47EF-A015-C459BB2BF56D}.Debug|Any CPU.ActiveCfg = Debug|x86
		{C5FB3922-09CB-47EF-A015-C459BB2BF56D}.Debug|Mixed Platforms.ActiveCfg = Debug|x86
		{C5FB3922-09CB-47EF-A015-C459BB2BF56D}.Debug|Mixed Platforms.Build.0 = Debug|x86
		{C5FB3922-09CB-47EF-A015-C459BB2BF56D}.Debug|x86.ActiveCfg = Debug|x86
		{C5FB3922-09CB-47EF-A015-C459BB2BF56D}.Debug|x86.Build.0 = Debug|x86
		{C5FB3922-09CB-47EF-A015-C459BB2BF56D}.Release|Any CPU.ActiveCfg = Release|x86
		{C5FB3922-09CB-47EF-A015-C459BB2BF56D}.Release|Mixed Platforms.ActiveCfg = Release|x86
		{C5FB3922-09CB-47EF-A015-C459BB2BF56D}.Release|Mixed Platforms.Build.0 = Release|x86
		{C5FB3922-09CB-47EF-A015-C459BB2BF56D}.Release|x86.ActiveCfg = Release|x86
		{C5FB3922-09CB-47EF-A015-C459BB2BF56D}.Release|x86.Build.0 = Release|x86
		{6AA63415-9E6B-4A69-96D5-DA798AE77822}.Debug|Any CPU.ActiveCfg = Debug|Any CPU
		{6AA63415-9E6B-4A69-96D5-DA798AE77822}.Debug|Any CPU.Build.0 = Debug|Any CPU
		{6AA63415-9E6B-4A69-96D5-DA798AE77822}.Debug|Mixed Platforms.ActiveCfg = Debug|Any CPU
		{6AA63415-9E6B-4A69-96D5-DA798AE77822}.Debug|Mixed Platforms.Build.0 = Debug|Any CPU
		{6AA63415-9E6B-4A69-96D5-DA798AE77822}.Debug|x86.ActiveCfg = Debug|Any CPU
		{6AA63415-9E6B-4A69-96D5-DA798AE77822}.Release|Any CPU.ActiveCfg = Release|Any CPU
		{6AA63415-9E6B-4A69-96D5-DA798AE77822}.Release|Any CPU.Build.0 = Release|Any CPU
		{6AA63415-9E6B-4A69-96D5-DA798AE77822}.Release|Mixed Platforms.ActiveCfg = Release|Any CPU
		{6AA63415-9E6B-4A69-96D5-DA798AE77822}.Release|Mixed Platforms.Build.0 = Release|Any CPU
		{6AA63415-9E6B-4A69-96D5-DA798AE77822}.Release|x86.ActiveCfg = Release|Any CPU
	EndGlobalSection
	GlobalSection(SolutionProperties) = preSolution
		HideSolutionNode = FALSE
	EndGlobalSection
EndGlobal
