
Microsoft Visual Studio Solution File, Format Version 12.00
# Visual Studio 15
VisualStudioVersion = 15.0.28307.168
MinimumVisualStudioVersion = 10.0.40219.1
Project("{FAE04EC0-301F-11D3-BF4B-00C04F79EFBC}") = "InputStreaming", "InputStreaming\InputStreaming.csproj", "{A25C71E6-73AB-49B4-A1A7-122EDB99D9D9}"
EndProject
Project("{FAE04EC0-301F-11D3-BF4B-00C04F79EFBC}") = "Shared", "Shared\Shared.csproj", "{03EAE601-8BF7-4A90-B6DC-1FD0F4489D6A}"
EndProject
Project("{FAE04EC0-301F-11D3-BF4B-00C04F79EFBC}") = "OutputGenerator", "OutputGenerator\OutputGenerator.csproj", "{429F8E75-8564-485F-9871-5056009CBAB3}"
EndProject
Project("{FAE04EC0-301F-11D3-BF4B-00C04F79EFBC}") = "OutputStreaming", "OutputStreaming\OutputStreaming.csproj", "{318CA31C-72A0-4AC0-A54D-7FDA718BFECD}"
EndProject
Project("{FAE04EC0-301F-11D3-BF4B-00C04F79EFBC}") = "InOutStreaming", "InOutStreaming\InOutStreaming.csproj", "{85C24748-8A33-4A5F-9527-765D60BF2336}"
EndProject
Project("{2150E333-8FDC-42A3-9474-1A3956D46DE8}") = "Solution Items", "Solution Items", "{5698AAA8-0001-4C40-AFB0-E8DFBB0BBAC8}"
	ProjectSection(SolutionItems) = preProject
		ReadMe.txt = ReadMe.txt
	EndProjectSection
EndProject
Project("{FAE04EC0-301F-11D3-BF4B-00C04F79EFBC}") = "PTPInputStreaming", "PTPInputStreaming\PTPInputStreaming.csproj", "{306BF91E-28E5-47E9-ADBA-9291F16CEC90}"
EndProject
Project("{FAE04EC0-301F-11D3-BF4B-00C04F79EFBC}") = "PTPInputStreamingOutputGenerator", "PTPInputStreamingOutputGenerator\PTPInputStreamingOutputGenerator.csproj", "{A0B084F9-D6F3-4B71-88C4-F64B4ABF2AE8}"
	ProjectSection(ProjectDependencies) = postProject
		{03EAE601-8BF7-4A90-B6DC-1FD0F4489D6A} = {03EAE601-8BF7-4A90-B6DC-1FD0F4489D6A}
	EndProjectSection
EndProject
Project("{FAE04EC0-301F-11D3-BF4B-00C04F79EFBC}") = "CanStreaming", "CanStreaming\CanStreaming.csproj", "{65EFD1CC-130E-47E9-898E-8A04DA407F63}"
EndProject
Project("{FAE04EC0-301F-11D3-BF4B-00C04F79EFBC}") = "InputStreaming3677", "InputStreaming3677\InputStreaming3677.csproj", "{F9B34D3D-FEF0-4D92-946E-218CEF214201}"
EndProject
Project("{FAE04EC0-301F-11D3-BF4B-00C04F79EFBC}") = "OutputGenerator3677", "OutputGenerator3677\OutputGenerator3677.csproj", "{AAE0F741-C7AE-4009-9327-003D162FD16E}"
EndProject
Project("{FAE04EC0-301F-11D3-BF4B-00C04F79EFBC}") = "PTP_3050_3160", "PTP_3050_3160\PTP_3050_3160.csproj", "{7DAD91CD-F1BB-4831-9A76-325797B86334}"
EndProject
Project("{FAE04EC0-301F-11D3-BF4B-00C04F79EFBC}") = "Reboot_rest", "Reboot_rest\Reboot_rest.csproj", "{85FE62FE-4E29-4E9C-B3A2-4C57CCC035D6}"
EndProject
Project("{FAE04EC0-301F-11D3-BF4B-00C04F79EFBC}") = "Reboot_html", "Reboot_html\Reboot_html.csproj", "{D130D9EB-4593-4F94-8C9B-2A39F7A49391}"
EndProject
Project("{FAE04EC0-301F-11D3-BF4B-00C04F79EFBC}") = "Frame_3050_3160", "Frame_3050_3160\Frame_3050_3160.csproj", "{C3ADA680-8076-4F30-B637-86E59057715E}"
EndProject
Project("{FAE04EC0-301F-11D3-BF4B-00C04F79EFBC}") = "PTP_MultiFrame", "PTP_MultiFrame\PTP_MultiFrame.csproj", "{BF12E01F-0198-4AEA-929A-8C0FCF04D478}"
EndProject
Project("{FAE04EC0-301F-11D3-BF4B-00C04F79EFBC}") = "PTP_MultiThreadInputStreaming", "PTP_MultiThreadInputStreaming\PTP_MultiThreadInputStreaming.csproj", "{6A42BBC2-9E01-4086-A3CF-B1FFCB275C87}"
EndProject
Project("{FAE04EC0-301F-11D3-BF4B-00C04F79EFBC}") = "ModuleDiscovery", "ModuleDiscovery\ModuleDiscovery.csproj", "{CE1A619A-1678-419F-BEF7-5BBA8B810E11}"
EndProject
Project("{FAE04EC0-301F-11D3-BF4B-00C04F79EFBC}") = "InputStreamingMultiSocket", "InputStreamingMultiSocket\InputStreamingMultiSocket.csproj", "{0BFCB6B5-C622-49A8-BFF7-A5622E43071B}"
EndProject
Project("{FAE04EC0-301F-11D3-BF4B-00C04F79EFBC}") = "StateViewer", "StateViewer\StateViewer.csproj", "{B8433471-C736-4C88-AAD9-5B6600D2B961}"
EndProject
Project("{FAE04EC0-301F-11D3-BF4B-00C04F79EFBC}") = "CIC_MultiModule", "CIC_MultiModule\CIC_MultiModule.csproj", "{41585220-0392-4640-A649-1C9814B750E6}"
EndProject
Global
	GlobalSection(SolutionConfigurationPlatforms) = preSolution
		Debug|Any CPU = Debug|Any CPU
		Debug|ARM = Debug|ARM
		Debug|ARM64 = Debug|ARM64
		Debug|Mixed Platforms = Debug|Mixed Platforms
		Debug|x64 = Debug|x64
		Debug|x86 = Debug|x86
		Release|Any CPU = Release|Any CPU
		Release|ARM = Release|ARM
		Release|ARM64 = Release|ARM64
		Release|Mixed Platforms = Release|Mixed Platforms
		Release|x64 = Release|x64
		Release|x86 = Release|x86
	EndGlobalSection
	GlobalSection(ProjectConfigurationPlatforms) = postSolution
		{A25C71E6-73AB-49B4-A1A7-122EDB99D9D9}.Debug|Any CPU.ActiveCfg = Debug|x86
		{A25C71E6-73AB-49B4-A1A7-122EDB99D9D9}.Debug|ARM.ActiveCfg = Debug|x86
		{A25C71E6-73AB-49B4-A1A7-122EDB99D9D9}.Debug|ARM64.ActiveCfg = Debug|x86
		{A25C71E6-73AB-49B4-A1A7-122EDB99D9D9}.Debug|Mixed Platforms.ActiveCfg = Debug|x86
		{A25C71E6-73AB-49B4-A1A7-122EDB99D9D9}.Debug|Mixed Platforms.Build.0 = Debug|x86
		{A25C71E6-73AB-49B4-A1A7-122EDB99D9D9}.Debug|x64.ActiveCfg = Debug|x86
		{A25C71E6-73AB-49B4-A1A7-122EDB99D9D9}.Debug|x86.ActiveCfg = Debug|x86
		{A25C71E6-73AB-49B4-A1A7-122EDB99D9D9}.Debug|x86.Build.0 = Debug|x86
		{A25C71E6-73AB-49B4-A1A7-122EDB99D9D9}.Release|Any CPU.ActiveCfg = Release|x86
		{A25C71E6-73AB-49B4-A1A7-122EDB99D9D9}.Release|ARM.ActiveCfg = Release|x86
		{A25C71E6-73AB-49B4-A1A7-122EDB99D9D9}.Release|ARM64.ActiveCfg = Release|x86
		{A25C71E6-73AB-49B4-A1A7-122EDB99D9D9}.Release|Mixed Platforms.ActiveCfg = Release|x86
		{A25C71E6-73AB-49B4-A1A7-122EDB99D9D9}.Release|Mixed Platforms.Build.0 = Release|x86
		{A25C71E6-73AB-49B4-A1A7-122EDB99D9D9}.Release|x64.ActiveCfg = Release|x86
		{A25C71E6-73AB-49B4-A1A7-122EDB99D9D9}.Release|x86.ActiveCfg = Release|x86
		{A25C71E6-73AB-49B4-A1A7-122EDB99D9D9}.Release|x86.Build.0 = Release|x86
		{03EAE601-8BF7-4A90-B6DC-1FD0F4489D6A}.Debug|Any CPU.ActiveCfg = Debug|Any CPU
		{03EAE601-8BF7-4A90-B6DC-1FD0F4489D6A}.Debug|Any CPU.Build.0 = Debug|Any CPU
		{03EAE601-8BF7-4A90-B6DC-1FD0F4489D6A}.Debug|ARM.ActiveCfg = Debug|Any CPU
		{03EAE601-8BF7-4A90-B6DC-1FD0F4489D6A}.Debug|ARM.Build.0 = Debug|Any CPU
		{03EAE601-8BF7-4A90-B6DC-1FD0F4489D6A}.Debug|ARM64.ActiveCfg = Debug|Any CPU
		{03EAE601-8BF7-4A90-B6DC-1FD0F4489D6A}.Debug|ARM64.Build.0 = Debug|Any CPU
		{03EAE601-8BF7-4A90-B6DC-1FD0F4489D6A}.Debug|Mixed Platforms.ActiveCfg = Debug|Any CPU
		{03EAE601-8BF7-4A90-B6DC-1FD0F4489D6A}.Debug|Mixed Platforms.Build.0 = Debug|Any CPU
		{03EAE601-8BF7-4A90-B6DC-1FD0F4489D6A}.Debug|x64.ActiveCfg = Debug|Any CPU
		{03EAE601-8BF7-4A90-B6DC-1FD0F4489D6A}.Debug|x64.Build.0 = Debug|Any CPU
		{03EAE601-8BF7-4A90-B6DC-1FD0F4489D6A}.Debug|x86.ActiveCfg = Debug|Any CPU
		{03EAE601-8BF7-4A90-B6DC-1FD0F4489D6A}.Release|Any CPU.ActiveCfg = Release|Any CPU
		{03EAE601-8BF7-4A90-B6DC-1FD0F4489D6A}.Release|Any CPU.Build.0 = Release|Any CPU
		{03EAE601-8BF7-4A90-B6DC-1FD0F4489D6A}.Release|ARM.ActiveCfg = Release|Any CPU
		{03EAE601-8BF7-4A90-B6DC-1FD0F4489D6A}.Release|ARM.Build.0 = Release|Any CPU
		{03EAE601-8BF7-4A90-B6DC-1FD0F4489D6A}.Release|ARM64.ActiveCfg = Release|Any CPU
		{03EAE601-8BF7-4A90-B6DC-1FD0F4489D6A}.Release|ARM64.Build.0 = Release|Any CPU
		{03EAE601-8BF7-4A90-B6DC-1FD0F4489D6A}.Release|Mixed Platforms.ActiveCfg = Release|Any CPU
		{03EAE601-8BF7-4A90-B6DC-1FD0F4489D6A}.Release|Mixed Platforms.Build.0 = Release|Any CPU
		{03EAE601-8BF7-4A90-B6DC-1FD0F4489D6A}.Release|x64.ActiveCfg = Release|Any CPU
		{03EAE601-8BF7-4A90-B6DC-1FD0F4489D6A}.Release|x64.Build.0 = Release|Any CPU
		{03EAE601-8BF7-4A90-B6DC-1FD0F4489D6A}.Release|x86.ActiveCfg = Release|Any CPU
		{429F8E75-8564-485F-9871-5056009CBAB3}.Debug|Any CPU.ActiveCfg = Debug|x86
		{429F8E75-8564-485F-9871-5056009CBAB3}.Debug|ARM.ActiveCfg = Debug|x86
		{429F8E75-8564-485F-9871-5056009CBAB3}.Debug|ARM64.ActiveCfg = Debug|x86
		{429F8E75-8564-485F-9871-5056009CBAB3}.Debug|Mixed Platforms.ActiveCfg = Debug|x86
		{429F8E75-8564-485F-9871-5056009CBAB3}.Debug|Mixed Platforms.Build.0 = Debug|x86
		{429F8E75-8564-485F-9871-5056009CBAB3}.Debug|x64.ActiveCfg = Debug|x86
		{429F8E75-8564-485F-9871-5056009CBAB3}.Debug|x86.ActiveCfg = Debug|x86
		{429F8E75-8564-485F-9871-5056009CBAB3}.Debug|x86.Build.0 = Debug|x86
		{429F8E75-8564-485F-9871-5056009CBAB3}.Release|Any CPU.ActiveCfg = Release|x86
		{429F8E75-8564-485F-9871-5056009CBAB3}.Release|ARM.ActiveCfg = Release|x86
		{429F8E75-8564-485F-9871-5056009CBAB3}.Release|ARM64.ActiveCfg = Release|x86
		{429F8E75-8564-485F-9871-5056009CBAB3}.Release|Mixed Platforms.ActiveCfg = Release|x86
		{429F8E75-8564-485F-9871-5056009CBAB3}.Release|Mixed Platforms.Build.0 = Release|x86
		{429F8E75-8564-485F-9871-5056009CBAB3}.Release|x64.ActiveCfg = Release|x86
		{429F8E75-8564-485F-9871-5056009CBAB3}.Release|x86.ActiveCfg = Release|x86
		{429F8E75-8564-485F-9871-5056009CBAB3}.Release|x86.Build.0 = Release|x86
		{318CA31C-72A0-4AC0-A54D-7FDA718BFECD}.Debug|Any CPU.ActiveCfg = Debug|x86
		{318CA31C-72A0-4AC0-A54D-7FDA718BFECD}.Debug|ARM.ActiveCfg = Debug|x86
		{318CA31C-72A0-4AC0-A54D-7FDA718BFECD}.Debug|ARM64.ActiveCfg = Debug|x86
		{318CA31C-72A0-4AC0-A54D-7FDA718BFECD}.Debug|Mixed Platforms.ActiveCfg = Debug|x86
		{318CA31C-72A0-4AC0-A54D-7FDA718BFECD}.Debug|Mixed Platforms.Build.0 = Debug|x86
		{318CA31C-72A0-4AC0-A54D-7FDA718BFECD}.Debug|x64.ActiveCfg = Debug|x86
		{318CA31C-72A0-4AC0-A54D-7FDA718BFECD}.Debug|x86.ActiveCfg = Debug|x86
		{318CA31C-72A0-4AC0-A54D-7FDA718BFECD}.Debug|x86.Build.0 = Debug|x86
		{318CA31C-72A0-4AC0-A54D-7FDA718BFECD}.Release|Any CPU.ActiveCfg = Release|x86
		{318CA31C-72A0-4AC0-A54D-7FDA718BFECD}.Release|ARM.ActiveCfg = Release|x86
		{318CA31C-72A0-4AC0-A54D-7FDA718BFECD}.Release|ARM64.ActiveCfg = Release|x86
		{318CA31C-72A0-4AC0-A54D-7FDA718BFECD}.Release|Mixed Platforms.ActiveCfg = Release|x86
		{318CA31C-72A0-4AC0-A54D-7FDA718BFECD}.Release|Mixed Platforms.Build.0 = Release|x86
		{318CA31C-72A0-4AC0-A54D-7FDA718BFECD}.Release|x64.ActiveCfg = Release|x86
		{318CA31C-72A0-4AC0-A54D-7FDA718BFECD}.Release|x86.ActiveCfg = Release|x86
		{318CA31C-72A0-4AC0-A54D-7FDA718BFECD}.Release|x86.Build.0 = Release|x86
		{85C24748-8A33-4A5F-9527-765D60BF2336}.Debug|Any CPU.ActiveCfg = Debug|x86
		{85C24748-8A33-4A5F-9527-765D60BF2336}.Debug|ARM.ActiveCfg = Debug|x86
		{85C24748-8A33-4A5F-9527-765D60BF2336}.Debug|ARM64.ActiveCfg = Debug|x86
		{85C24748-8A33-4A5F-9527-765D60BF2336}.Debug|Mixed Platforms.ActiveCfg = Debug|x86
		{85C24748-8A33-4A5F-9527-765D60BF2336}.Debug|Mixed Platforms.Build.0 = Debug|x86
		{85C24748-8A33-4A5F-9527-765D60BF2336}.Debug|x64.ActiveCfg = Debug|x86
		{85C24748-8A33-4A5F-9527-765D60BF2336}.Debug|x86.ActiveCfg = Debug|x86
		{85C24748-8A33-4A5F-9527-765D60BF2336}.Debug|x86.Build.0 = Debug|x86
		{85C24748-8A33-4A5F-9527-765D60BF2336}.Release|Any CPU.ActiveCfg = Release|x86
		{85C24748-8A33-4A5F-9527-765D60BF2336}.Release|ARM.ActiveCfg = Release|x86
		{85C24748-8A33-4A5F-9527-765D60BF2336}.Release|ARM64.ActiveCfg = Release|x86
		{85C24748-8A33-4A5F-9527-765D60BF2336}.Release|Mixed Platforms.ActiveCfg = Release|x86
		{85C24748-8A33-4A5F-9527-765D60BF2336}.Release|Mixed Platforms.Build.0 = Release|x86
		{85C24748-8A33-4A5F-9527-765D60BF2336}.Release|x64.ActiveCfg = Release|x86
		{85C24748-8A33-4A5F-9527-765D60BF2336}.Release|x86.ActiveCfg = Release|x86
		{85C24748-8A33-4A5F-9527-765D60BF2336}.Release|x86.Build.0 = Release|x86
		{306BF91E-28E5-47E9-ADBA-9291F16CEC90}.Debug|Any CPU.ActiveCfg = Debug|x86
		{306BF91E-28E5-47E9-ADBA-9291F16CEC90}.Debug|ARM.ActiveCfg = Debug|x86
		{306BF91E-28E5-47E9-ADBA-9291F16CEC90}.Debug|ARM64.ActiveCfg = Debug|x86
		{306BF91E-28E5-47E9-ADBA-9291F16CEC90}.Debug|Mixed Platforms.ActiveCfg = Debug|x86
		{306BF91E-28E5-47E9-ADBA-9291F16CEC90}.Debug|Mixed Platforms.Build.0 = Debug|x86
		{306BF91E-28E5-47E9-ADBA-9291F16CEC90}.Debug|x64.ActiveCfg = Debug|x86
		{306BF91E-28E5-47E9-ADBA-9291F16CEC90}.Debug|x86.ActiveCfg = Debug|x86
		{306BF91E-28E5-47E9-ADBA-9291F16CEC90}.Debug|x86.Build.0 = Debug|x86
		{306BF91E-28E5-47E9-ADBA-9291F16CEC90}.Release|Any CPU.ActiveCfg = Release|x86
		{306BF91E-28E5-47E9-ADBA-9291F16CEC90}.Release|ARM.ActiveCfg = Release|x86
		{306BF91E-28E5-47E9-ADBA-9291F16CEC90}.Release|ARM64.ActiveCfg = Release|x86
		{306BF91E-28E5-47E9-ADBA-9291F16CEC90}.Release|Mixed Platforms.ActiveCfg = Release|x86
		{306BF91E-28E5-47E9-ADBA-9291F16CEC90}.Release|Mixed Platforms.Build.0 = Release|x86
		{306BF91E-28E5-47E9-ADBA-9291F16CEC90}.Release|x64.ActiveCfg = Release|x86
		{306BF91E-28E5-47E9-ADBA-9291F16CEC90}.Release|x86.ActiveCfg = Release|x86
		{306BF91E-28E5-47E9-ADBA-9291F16CEC90}.Release|x86.Build.0 = Release|x86
		{A0B084F9-D6F3-4B71-88C4-F64B4ABF2AE8}.Debug|Any CPU.ActiveCfg = Debug|Any CPU
		{A0B084F9-D6F3-4B71-88C4-F64B4ABF2AE8}.Debug|Any CPU.Build.0 = Debug|Any CPU
		{A0B084F9-D6F3-4B71-88C4-F64B4ABF2AE8}.Debug|ARM.ActiveCfg = Debug|Any CPU
		{A0B084F9-D6F3-4B71-88C4-F64B4ABF2AE8}.Debug|ARM.Build.0 = Debug|Any CPU
		{A0B084F9-D6F3-4B71-88C4-F64B4ABF2AE8}.Debug|ARM64.ActiveCfg = Debug|Any CPU
		{A0B084F9-D6F3-4B71-88C4-F64B4ABF2AE8}.Debug|ARM64.Build.0 = Debug|Any CPU
		{A0B084F9-D6F3-4B71-88C4-F64B4ABF2AE8}.Debug|Mixed Platforms.ActiveCfg = Debug|Any CPU
		{A0B084F9-D6F3-4B71-88C4-F64B4ABF2AE8}.Debug|Mixed Platforms.Build.0 = Debug|Any CPU
		{A0B084F9-D6F3-4B71-88C4-F64B4ABF2AE8}.Debug|x64.ActiveCfg = Debug|Any CPU
		{A0B084F9-D6F3-4B71-88C4-F64B4ABF2AE8}.Debug|x64.Build.0 = Debug|Any CPU
		{A0B084F9-D6F3-4B71-88C4-F64B4ABF2AE8}.Debug|x86.ActiveCfg = Debug|Any CPU
		{A0B084F9-D6F3-4B71-88C4-F64B4ABF2AE8}.Release|Any CPU.ActiveCfg = Release|Any CPU
		{A0B084F9-D6F3-4B71-88C4-F64B4ABF2AE8}.Release|Any CPU.Build.0 = Release|Any CPU
		{A0B084F9-D6F3-4B71-88C4-F64B4ABF2AE8}.Release|ARM.ActiveCfg = Release|Any CPU
		{A0B084F9-D6F3-4B71-88C4-F64B4ABF2AE8}.Release|ARM.Build.0 = Release|Any CPU
		{A0B084F9-D6F3-4B71-88C4-F64B4ABF2AE8}.Release|ARM64.ActiveCfg = Release|Any CPU
		{A0B084F9-D6F3-4B71-88C4-F64B4ABF2AE8}.Release|ARM64.Build.0 = Release|Any CPU
		{A0B084F9-D6F3-4B71-88C4-F64B4ABF2AE8}.Release|Mixed Platforms.ActiveCfg = Release|Any CPU
		{A0B084F9-D6F3-4B71-88C4-F64B4ABF2AE8}.Release|Mixed Platforms.Build.0 = Release|Any CPU
		{A0B084F9-D6F3-4B71-88C4-F64B4ABF2AE8}.Release|x64.ActiveCfg = Release|Any CPU
		{A0B084F9-D6F3-4B71-88C4-F64B4ABF2AE8}.Release|x64.Build.0 = Release|Any CPU
		{A0B084F9-D6F3-4B71-88C4-F64B4ABF2AE8}.Release|x86.ActiveCfg = Release|Any CPU
		{65EFD1CC-130E-47E9-898E-8A04DA407F63}.Debug|Any CPU.ActiveCfg = Debug|Any CPU
		{65EFD1CC-130E-47E9-898E-8A04DA407F63}.Debug|Any CPU.Build.0 = Debug|Any CPU
		{65EFD1CC-130E-47E9-898E-8A04DA407F63}.Debug|ARM.ActiveCfg = Debug|Any CPU
		{65EFD1CC-130E-47E9-898E-8A04DA407F63}.Debug|ARM.Build.0 = Debug|Any CPU
		{65EFD1CC-130E-47E9-898E-8A04DA407F63}.Debug|ARM64.ActiveCfg = Debug|Any CPU
		{65EFD1CC-130E-47E9-898E-8A04DA407F63}.Debug|ARM64.Build.0 = Debug|Any CPU
		{65EFD1CC-130E-47E9-898E-8A04DA407F63}.Debug|Mixed Platforms.ActiveCfg = Debug|Any CPU
		{65EFD1CC-130E-47E9-898E-8A04DA407F63}.Debug|Mixed Platforms.Build.0 = Debug|Any CPU
		{65EFD1CC-130E-47E9-898E-8A04DA407F63}.Debug|x64.ActiveCfg = Debug|Any CPU
		{65EFD1CC-130E-47E9-898E-8A04DA407F63}.Debug|x64.Build.0 = Debug|Any CPU
		{65EFD1CC-130E-47E9-898E-8A04DA407F63}.Debug|x86.ActiveCfg = Debug|Any CPU
		{65EFD1CC-130E-47E9-898E-8A04DA407F63}.Release|Any CPU.ActiveCfg = Release|Any CPU
		{65EFD1CC-130E-47E9-898E-8A04DA407F63}.Release|Any CPU.Build.0 = Release|Any CPU
		{65EFD1CC-130E-47E9-898E-8A04DA407F63}.Release|ARM.ActiveCfg = Release|Any CPU
		{65EFD1CC-130E-47E9-898E-8A04DA407F63}.Release|ARM.Build.0 = Release|Any CPU
		{65EFD1CC-130E-47E9-898E-8A04DA407F63}.Release|ARM64.ActiveCfg = Release|Any CPU
		{65EFD1CC-130E-47E9-898E-8A04DA407F63}.Release|ARM64.Build.0 = Release|Any CPU
		{65EFD1CC-130E-47E9-898E-8A04DA407F63}.Release|Mixed Platforms.ActiveCfg = Release|Any CPU
		{65EFD1CC-130E-47E9-898E-8A04DA407F63}.Release|Mixed Platforms.Build.0 = Release|Any CPU
		{65EFD1CC-130E-47E9-898E-8A04DA407F63}.Release|x64.ActiveCfg = Release|Any CPU
		{65EFD1CC-130E-47E9-898E-8A04DA407F63}.Release|x64.Build.0 = Release|Any CPU
		{65EFD1CC-130E-47E9-898E-8A04DA407F63}.Release|x86.ActiveCfg = Release|Any CPU
		{F9B34D3D-FEF0-4D92-946E-218CEF214201}.Debug|Any CPU.ActiveCfg = Debug|Any CPU
		{F9B34D3D-FEF0-4D92-946E-218CEF214201}.Debug|Any CPU.Build.0 = Debug|Any CPU
		{F9B34D3D-FEF0-4D92-946E-218CEF214201}.Debug|ARM.ActiveCfg = Debug|Any CPU
		{F9B34D3D-FEF0-4D92-946E-218CEF214201}.Debug|ARM.Build.0 = Debug|Any CPU
		{F9B34D3D-FEF0-4D92-946E-218CEF214201}.Debug|ARM64.ActiveCfg = Debug|Any CPU
		{F9B34D3D-FEF0-4D92-946E-218CEF214201}.Debug|ARM64.Build.0 = Debug|Any CPU
		{F9B34D3D-FEF0-4D92-946E-218CEF214201}.Debug|Mixed Platforms.ActiveCfg = Debug|Any CPU
		{F9B34D3D-FEF0-4D92-946E-218CEF214201}.Debug|Mixed Platforms.Build.0 = Debug|Any CPU
		{F9B34D3D-FEF0-4D92-946E-218CEF214201}.Debug|x64.ActiveCfg = Debug|Any CPU
		{F9B34D3D-FEF0-4D92-946E-218CEF214201}.Debug|x64.Build.0 = Debug|Any CPU
		{F9B34D3D-FEF0-4D92-946E-218CEF214201}.Debug|x86.ActiveCfg = Debug|Any CPU
		{F9B34D3D-FEF0-4D92-946E-218CEF214201}.Debug|x86.Build.0 = Debug|Any CPU
		{F9B34D3D-FEF0-4D92-946E-218CEF214201}.Release|Any CPU.ActiveCfg = Release|Any CPU
		{F9B34D3D-FEF0-4D92-946E-218CEF214201}.Release|Any CPU.Build.0 = Release|Any CPU
		{F9B34D3D-FEF0-4D92-946E-218CEF214201}.Release|ARM.ActiveCfg = Release|Any CPU
		{F9B34D3D-FEF0-4D92-946E-218CEF214201}.Release|ARM.Build.0 = Release|Any CPU
		{F9B34D3D-FEF0-4D92-946E-218CEF214201}.Release|ARM64.ActiveCfg = Release|Any CPU
		{F9B34D3D-FEF0-4D92-946E-218CEF214201}.Release|ARM64.Build.0 = Release|Any CPU
		{F9B34D3D-FEF0-4D92-946E-218CEF214201}.Release|Mixed Platforms.ActiveCfg = Release|Any CPU
		{F9B34D3D-FEF0-4D92-946E-218CEF214201}.Release|Mixed Platforms.Build.0 = Release|Any CPU
		{F9B34D3D-FEF0-4D92-946E-218CEF214201}.Release|x64.ActiveCfg = Release|Any CPU
		{F9B34D3D-FEF0-4D92-946E-218CEF214201}.Release|x64.Build.0 = Release|Any CPU
		{F9B34D3D-FEF0-4D92-946E-218CEF214201}.Release|x86.ActiveCfg = Release|Any CPU
		{F9B34D3D-FEF0-4D92-946E-218CEF214201}.Release|x86.Build.0 = Release|Any CPU
		{AAE0F741-C7AE-4009-9327-003D162FD16E}.Debug|Any CPU.ActiveCfg = Debug|Any CPU
		{AAE0F741-C7AE-4009-9327-003D162FD16E}.Debug|Any CPU.Build.0 = Debug|Any CPU
		{AAE0F741-C7AE-4009-9327-003D162FD16E}.Debug|ARM.ActiveCfg = Debug|Any CPU
		{AAE0F741-C7AE-4009-9327-003D162FD16E}.Debug|ARM.Build.0 = Debug|Any CPU
		{AAE0F741-C7AE-4009-9327-003D162FD16E}.Debug|ARM64.ActiveCfg = Debug|Any CPU
		{AAE0F741-C7AE-4009-9327-003D162FD16E}.Debug|ARM64.Build.0 = Debug|Any CPU
		{AAE0F741-C7AE-4009-9327-003D162FD16E}.Debug|Mixed Platforms.ActiveCfg = Debug|Any CPU
		{AAE0F741-C7AE-4009-9327-003D162FD16E}.Debug|Mixed Platforms.Build.0 = Debug|Any CPU
		{AAE0F741-C7AE-4009-9327-003D162FD16E}.Debug|x64.ActiveCfg = Debug|Any CPU
		{AAE0F741-C7AE-4009-9327-003D162FD16E}.Debug|x64.Build.0 = Debug|Any CPU
		{AAE0F741-C7AE-4009-9327-003D162FD16E}.Debug|x86.ActiveCfg = Debug|Any CPU
		{AAE0F741-C7AE-4009-9327-003D162FD16E}.Debug|x86.Build.0 = Debug|Any CPU
		{AAE0F741-C7AE-4009-9327-003D162FD16E}.Release|Any CPU.ActiveCfg = Release|Any CPU
		{AAE0F741-C7AE-4009-9327-003D162FD16E}.Release|Any CPU.Build.0 = Release|Any CPU
		{AAE0F741-C7AE-4009-9327-003D162FD16E}.Release|ARM.ActiveCfg = Release|Any CPU
		{AAE0F741-C7AE-4009-9327-003D162FD16E}.Release|ARM.Build.0 = Release|Any CPU
		{AAE0F741-C7AE-4009-9327-003D162FD16E}.Release|ARM64.ActiveCfg = Release|Any CPU
		{AAE0F741-C7AE-4009-9327-003D162FD16E}.Release|ARM64.Build.0 = Release|Any CPU
		{AAE0F741-C7AE-4009-9327-003D162FD16E}.Release|Mixed Platforms.ActiveCfg = Release|Any CPU
		{AAE0F741-C7AE-4009-9327-003D162FD16E}.Release|Mixed Platforms.Build.0 = Release|Any CPU
		{AAE0F741-C7AE-4009-9327-003D162FD16E}.Release|x64.ActiveCfg = Release|Any CPU
		{AAE0F741-C7AE-4009-9327-003D162FD16E}.Release|x64.Build.0 = Release|Any CPU
		{AAE0F741-C7AE-4009-9327-003D162FD16E}.Release|x86.ActiveCfg = Release|Any CPU
		{AAE0F741-C7AE-4009-9327-003D162FD16E}.Release|x86.Build.0 = Release|Any CPU
		{7DAD91CD-F1BB-4831-9A76-325797B86334}.Debug|Any CPU.ActiveCfg = Debug|Any CPU
		{7DAD91CD-F1BB-4831-9A76-325797B86334}.Debug|Any CPU.Build.0 = Debug|Any CPU
		{7DAD91CD-F1BB-4831-9A76-325797B86334}.Debug|ARM.ActiveCfg = Debug|Any CPU
		{7DAD91CD-F1BB-4831-9A76-325797B86334}.Debug|ARM.Build.0 = Debug|Any CPU
		{7DAD91CD-F1BB-4831-9A76-325797B86334}.Debug|ARM64.ActiveCfg = Debug|Any CPU
		{7DAD91CD-F1BB-4831-9A76-325797B86334}.Debug|ARM64.Build.0 = Debug|Any CPU
		{7DAD91CD-F1BB-4831-9A76-325797B86334}.Debug|Mixed Platforms.ActiveCfg = Debug|Any CPU
		{7DAD91CD-F1BB-4831-9A76-325797B86334}.Debug|Mixed Platforms.Build.0 = Debug|Any CPU
		{7DAD91CD-F1BB-4831-9A76-325797B86334}.Debug|x64.ActiveCfg = Debug|Any CPU
		{7DAD91CD-F1BB-4831-9A76-325797B86334}.Debug|x64.Build.0 = Debug|Any CPU
		{7DAD91CD-F1BB-4831-9A76-325797B86334}.Debug|x86.ActiveCfg = Debug|Any CPU
		{7DAD91CD-F1BB-4831-9A76-325797B86334}.Debug|x86.Build.0 = Debug|Any CPU
		{7DAD91CD-F1BB-4831-9A76-325797B86334}.Release|Any CPU.ActiveCfg = Release|Any CPU
		{7DAD91CD-F1BB-4831-9A76-325797B86334}.Release|Any CPU.Build.0 = Release|Any CPU
		{7DAD91CD-F1BB-4831-9A76-325797B86334}.Release|ARM.ActiveCfg = Release|Any CPU
		{7DAD91CD-F1BB-4831-9A76-325797B86334}.Release|ARM.Build.0 = Release|Any CPU
		{7DAD91CD-F1BB-4831-9A76-325797B86334}.Release|ARM64.ActiveCfg = Release|Any CPU
		{7DAD91CD-F1BB-4831-9A76-325797B86334}.Release|ARM64.Build.0 = Release|Any CPU
		{7DAD91CD-F1BB-4831-9A76-325797B86334}.Release|Mixed Platforms.ActiveCfg = Release|Any CPU
		{7DAD91CD-F1BB-4831-9A76-325797B86334}.Release|Mixed Platforms.Build.0 = Release|Any CPU
		{7DAD91CD-F1BB-4831-9A76-325797B86334}.Release|x64.ActiveCfg = Release|Any CPU
		{7DAD91CD-F1BB-4831-9A76-325797B86334}.Release|x64.Build.0 = Release|Any CPU
		{7DAD91CD-F1BB-4831-9A76-325797B86334}.Release|x86.ActiveCfg = Release|Any CPU
		{7DAD91CD-F1BB-4831-9A76-325797B86334}.Release|x86.Build.0 = Release|Any CPU
		{85FE62FE-4E29-4E9C-B3A2-4C57CCC035D6}.Debug|Any CPU.ActiveCfg = Debug|Any CPU
		{85FE62FE-4E29-4E9C-B3A2-4C57CCC035D6}.Debug|Any CPU.Build.0 = Debug|Any CPU
		{85FE62FE-4E29-4E9C-B3A2-4C57CCC035D6}.Debug|ARM.ActiveCfg = Debug|Any CPU
		{85FE62FE-4E29-4E9C-B3A2-4C57CCC035D6}.Debug|ARM.Build.0 = Debug|Any CPU
		{85FE62FE-4E29-4E9C-B3A2-4C57CCC035D6}.Debug|ARM64.ActiveCfg = Debug|Any CPU
		{85FE62FE-4E29-4E9C-B3A2-4C57CCC035D6}.Debug|ARM64.Build.0 = Debug|Any CPU
		{85FE62FE-4E29-4E9C-B3A2-4C57CCC035D6}.Debug|Mixed Platforms.ActiveCfg = Debug|Any CPU
		{85FE62FE-4E29-4E9C-B3A2-4C57CCC035D6}.Debug|Mixed Platforms.Build.0 = Debug|Any CPU
		{85FE62FE-4E29-4E9C-B3A2-4C57CCC035D6}.Debug|x64.ActiveCfg = Debug|Any CPU
		{85FE62FE-4E29-4E9C-B3A2-4C57CCC035D6}.Debug|x64.Build.0 = Debug|Any CPU
		{85FE62FE-4E29-4E9C-B3A2-4C57CCC035D6}.Debug|x86.ActiveCfg = Debug|Any CPU
		{85FE62FE-4E29-4E9C-B3A2-4C57CCC035D6}.Debug|x86.Build.0 = Debug|Any CPU
		{85FE62FE-4E29-4E9C-B3A2-4C57CCC035D6}.Release|Any CPU.ActiveCfg = Release|Any CPU
		{85FE62FE-4E29-4E9C-B3A2-4C57CCC035D6}.Release|Any CPU.Build.0 = Release|Any CPU
		{85FE62FE-4E29-4E9C-B3A2-4C57CCC035D6}.Release|ARM.ActiveCfg = Release|Any CPU
		{85FE62FE-4E29-4E9C-B3A2-4C57CCC035D6}.Release|ARM.Build.0 = Release|Any CPU
		{85FE62FE-4E29-4E9C-B3A2-4C57CCC035D6}.Release|ARM64.ActiveCfg = Release|Any CPU
		{85FE62FE-4E29-4E9C-B3A2-4C57CCC035D6}.Release|ARM64.Build.0 = Release|Any CPU
		{85FE62FE-4E29-4E9C-B3A2-4C57CCC035D6}.Release|Mixed Platforms.ActiveCfg = Release|Any CPU
		{85FE62FE-4E29-4E9C-B3A2-4C57CCC035D6}.Release|Mixed Platforms.Build.0 = Release|Any CPU
		{85FE62FE-4E29-4E9C-B3A2-4C57CCC035D6}.Release|x64.ActiveCfg = Release|Any CPU
		{85FE62FE-4E29-4E9C-B3A2-4C57CCC035D6}.Release|x64.Build.0 = Release|Any CPU
		{85FE62FE-4E29-4E9C-B3A2-4C57CCC035D6}.Release|x86.ActiveCfg = Release|Any CPU
		{85FE62FE-4E29-4E9C-B3A2-4C57CCC035D6}.Release|x86.Build.0 = Release|Any CPU
		{D130D9EB-4593-4F94-8C9B-2A39F7A49391}.Debug|Any CPU.ActiveCfg = Debug|Any CPU
		{D130D9EB-4593-4F94-8C9B-2A39F7A49391}.Debug|Any CPU.Build.0 = Debug|Any CPU
		{D130D9EB-4593-4F94-8C9B-2A39F7A49391}.Debug|ARM.ActiveCfg = Debug|Any CPU
		{D130D9EB-4593-4F94-8C9B-2A39F7A49391}.Debug|ARM.Build.0 = Debug|Any CPU
		{D130D9EB-4593-4F94-8C9B-2A39F7A49391}.Debug|ARM64.ActiveCfg = Debug|Any CPU
		{D130D9EB-4593-4F94-8C9B-2A39F7A49391}.Debug|ARM64.Build.0 = Debug|Any CPU
		{D130D9EB-4593-4F94-8C9B-2A39F7A49391}.Debug|Mixed Platforms.ActiveCfg = Debug|Any CPU
		{D130D9EB-4593-4F94-8C9B-2A39F7A49391}.Debug|Mixed Platforms.Build.0 = Debug|Any CPU
		{D130D9EB-4593-4F94-8C9B-2A39F7A49391}.Debug|x64.ActiveCfg = Debug|Any CPU
		{D130D9EB-4593-4F94-8C9B-2A39F7A49391}.Debug|x64.Build.0 = Debug|Any CPU
		{D130D9EB-4593-4F94-8C9B-2A39F7A49391}.Debug|x86.ActiveCfg = Debug|Any CPU
		{D130D9EB-4593-4F94-8C9B-2A39F7A49391}.Debug|x86.Build.0 = Debug|Any CPU
		{D130D9EB-4593-4F94-8C9B-2A39F7A49391}.Release|Any CPU.ActiveCfg = Release|Any CPU
		{D130D9EB-4593-4F94-8C9B-2A39F7A49391}.Release|Any CPU.Build.0 = Release|Any CPU
		{D130D9EB-4593-4F94-8C9B-2A39F7A49391}.Release|ARM.ActiveCfg = Release|Any CPU
		{D130D9EB-4593-4F94-8C9B-2A39F7A49391}.Release|ARM.Build.0 = Release|Any CPU
		{D130D9EB-4593-4F94-8C9B-2A39F7A49391}.Release|ARM64.ActiveCfg = Release|Any CPU
		{D130D9EB-4593-4F94-8C9B-2A39F7A49391}.Release|ARM64.Build.0 = Release|Any CPU
		{D130D9EB-4593-4F94-8C9B-2A39F7A49391}.Release|Mixed Platforms.ActiveCfg = Release|Any CPU
		{D130D9EB-4593-4F94-8C9B-2A39F7A49391}.Release|Mixed Platforms.Build.0 = Release|Any CPU
		{D130D9EB-4593-4F94-8C9B-2A39F7A49391}.Release|x64.ActiveCfg = Release|Any CPU
		{D130D9EB-4593-4F94-8C9B-2A39F7A49391}.Release|x64.Build.0 = Release|Any CPU
		{D130D9EB-4593-4F94-8C9B-2A39F7A49391}.Release|x86.ActiveCfg = Release|Any CPU
		{D130D9EB-4593-4F94-8C9B-2A39F7A49391}.Release|x86.Build.0 = Release|Any CPU
		{C3ADA680-8076-4F30-B637-86E59057715E}.Debug|Any CPU.ActiveCfg = Debug|Any CPU
		{C3ADA680-8076-4F30-B637-86E59057715E}.Debug|Any CPU.Build.0 = Debug|Any CPU
		{C3ADA680-8076-4F30-B637-86E59057715E}.Debug|ARM.ActiveCfg = Debug|Any CPU
		{C3ADA680-8076-4F30-B637-86E59057715E}.Debug|ARM.Build.0 = Debug|Any CPU
		{C3ADA680-8076-4F30-B637-86E59057715E}.Debug|ARM64.ActiveCfg = Debug|Any CPU
		{C3ADA680-8076-4F30-B637-86E59057715E}.Debug|ARM64.Build.0 = Debug|Any CPU
		{C3ADA680-8076-4F30-B637-86E59057715E}.Debug|Mixed Platforms.ActiveCfg = Debug|Any CPU
		{C3ADA680-8076-4F30-B637-86E59057715E}.Debug|Mixed Platforms.Build.0 = Debug|Any CPU
		{C3ADA680-8076-4F30-B637-86E59057715E}.Debug|x64.ActiveCfg = Debug|Any CPU
		{C3ADA680-8076-4F30-B637-86E59057715E}.Debug|x64.Build.0 = Debug|Any CPU
		{C3ADA680-8076-4F30-B637-86E59057715E}.Debug|x86.ActiveCfg = Debug|Any CPU
		{C3ADA680-8076-4F30-B637-86E59057715E}.Debug|x86.Build.0 = Debug|Any CPU
		{C3ADA680-8076-4F30-B637-86E59057715E}.Release|Any CPU.ActiveCfg = Release|Any CPU
		{C3ADA680-8076-4F30-B637-86E59057715E}.Release|Any CPU.Build.0 = Release|Any CPU
		{C3ADA680-8076-4F30-B637-86E59057715E}.Release|ARM.ActiveCfg = Release|Any CPU
		{C3ADA680-8076-4F30-B637-86E59057715E}.Release|ARM.Build.0 = Release|Any CPU
		{C3ADA680-8076-4F30-B637-86E59057715E}.Release|ARM64.ActiveCfg = Release|Any CPU
		{C3ADA680-8076-4F30-B637-86E59057715E}.Release|ARM64.Build.0 = Release|Any CPU
		{C3ADA680-8076-4F30-B637-86E59057715E}.Release|Mixed Platforms.ActiveCfg = Release|Any CPU
		{C3ADA680-8076-4F30-B637-86E59057715E}.Release|Mixed Platforms.Build.0 = Release|Any CPU
		{C3ADA680-8076-4F30-B637-86E59057715E}.Release|x64.ActiveCfg = Release|Any CPU
		{C3ADA680-8076-4F30-B637-86E59057715E}.Release|x64.Build.0 = Release|Any CPU
		{C3ADA680-8076-4F30-B637-86E59057715E}.Release|x86.ActiveCfg = Release|Any CPU
		{C3ADA680-8076-4F30-B637-86E59057715E}.Release|x86.Build.0 = Release|Any CPU
		{BF12E01F-0198-4AEA-929A-8C0FCF04D478}.Debug|Any CPU.ActiveCfg = Debug|Any CPU
		{BF12E01F-0198-4AEA-929A-8C0FCF04D478}.Debug|Any CPU.Build.0 = Debug|Any CPU
		{BF12E01F-0198-4AEA-929A-8C0FCF04D478}.Debug|ARM.ActiveCfg = Debug|Any CPU
		{BF12E01F-0198-4AEA-929A-8C0FCF04D478}.Debug|ARM.Build.0 = Debug|Any CPU
		{BF12E01F-0198-4AEA-929A-8C0FCF04D478}.Debug|ARM64.ActiveCfg = Debug|Any CPU
		{BF12E01F-0198-4AEA-929A-8C0FCF04D478}.Debug|ARM64.Build.0 = Debug|Any CPU
		{BF12E01F-0198-4AEA-929A-8C0FCF04D478}.Debug|Mixed Platforms.ActiveCfg = Debug|Any CPU
		{BF12E01F-0198-4AEA-929A-8C0FCF04D478}.Debug|Mixed Platforms.Build.0 = Debug|Any CPU
		{BF12E01F-0198-4AEA-929A-8C0FCF04D478}.Debug|x64.ActiveCfg = Debug|Any CPU
		{BF12E01F-0198-4AEA-929A-8C0FCF04D478}.Debug|x64.Build.0 = Debug|Any CPU
		{BF12E01F-0198-4AEA-929A-8C0FCF04D478}.Debug|x86.ActiveCfg = Debug|Any CPU
		{BF12E01F-0198-4AEA-929A-8C0FCF04D478}.Debug|x86.Build.0 = Debug|Any CPU
		{BF12E01F-0198-4AEA-929A-8C0FCF04D478}.Release|Any CPU.ActiveCfg = Release|Any CPU
		{BF12E01F-0198-4AEA-929A-8C0FCF04D478}.Release|Any CPU.Build.0 = Release|Any CPU
		{BF12E01F-0198-4AEA-929A-8C0FCF04D478}.Release|ARM.ActiveCfg = Release|Any CPU
		{BF12E01F-0198-4AEA-929A-8C0FCF04D478}.Release|ARM.Build.0 = Release|Any CPU
		{BF12E01F-0198-4AEA-929A-8C0FCF04D478}.Release|ARM64.ActiveCfg = Release|Any CPU
		{BF12E01F-0198-4AEA-929A-8C0FCF04D478}.Release|ARM64.Build.0 = Release|Any CPU
		{BF12E01F-0198-4AEA-929A-8C0FCF04D478}.Release|Mixed Platforms.ActiveCfg = Release|Any CPU
		{BF12E01F-0198-4AEA-929A-8C0FCF04D478}.Release|Mixed Platforms.Build.0 = Release|Any CPU
		{BF12E01F-0198-4AEA-929A-8C0FCF04D478}.Release|x64.ActiveCfg = Release|Any CPU
		{BF12E01F-0198-4AEA-929A-8C0FCF04D478}.Release|x64.Build.0 = Release|Any CPU
		{BF12E01F-0198-4AEA-929A-8C0FCF04D478}.Release|x86.ActiveCfg = Release|Any CPU
		{BF12E01F-0198-4AEA-929A-8C0FCF04D478}.Release|x86.Build.0 = Release|Any CPU
		{6A42BBC2-9E01-4086-A3CF-B1FFCB275C87}.Debug|Any CPU.ActiveCfg = Debug|Any CPU
		{6A42BBC2-9E01-4086-A3CF-B1FFCB275C87}.Debug|Any CPU.Build.0 = Debug|Any CPU
		{6A42BBC2-9E01-4086-A3CF-B1FFCB275C87}.Debug|ARM.ActiveCfg = Debug|Any CPU
		{6A42BBC2-9E01-4086-A3CF-B1FFCB275C87}.Debug|ARM.Build.0 = Debug|Any CPU
		{6A42BBC2-9E01-4086-A3CF-B1FFCB275C87}.Debug|ARM64.ActiveCfg = Debug|Any CPU
		{6A42BBC2-9E01-4086-A3CF-B1FFCB275C87}.Debug|ARM64.Build.0 = Debug|Any CPU
		{6A42BBC2-9E01-4086-A3CF-B1FFCB275C87}.Debug|Mixed Platforms.ActiveCfg = Debug|Any CPU
		{6A42BBC2-9E01-4086-A3CF-B1FFCB275C87}.Debug|Mixed Platforms.Build.0 = Debug|Any CPU
		{6A42BBC2-9E01-4086-A3CF-B1FFCB275C87}.Debug|x64.ActiveCfg = Debug|Any CPU
		{6A42BBC2-9E01-4086-A3CF-B1FFCB275C87}.Debug|x64.Build.0 = Debug|Any CPU
		{6A42BBC2-9E01-4086-A3CF-B1FFCB275C87}.Debug|x86.ActiveCfg = Debug|Any CPU
		{6A42BBC2-9E01-4086-A3CF-B1FFCB275C87}.Debug|x86.Build.0 = Debug|Any CPU
		{6A42BBC2-9E01-4086-A3CF-B1FFCB275C87}.Release|Any CPU.ActiveCfg = Release|Any CPU
		{6A42BBC2-9E01-4086-A3CF-B1FFCB275C87}.Release|Any CPU.Build.0 = Release|Any CPU
		{6A42BBC2-9E01-4086-A3CF-B1FFCB275C87}.Release|ARM.ActiveCfg = Release|Any CPU
		{6A42BBC2-9E01-4086-A3CF-B1FFCB275C87}.Release|ARM.Build.0 = Release|Any CPU
		{6A42BBC2-9E01-4086-A3CF-B1FFCB275C87}.Release|ARM64.ActiveCfg = Release|Any CPU
		{6A42BBC2-9E01-4086-A3CF-B1FFCB275C87}.Release|ARM64.Build.0 = Release|Any CPU
		{6A42BBC2-9E01-4086-A3CF-B1FFCB275C87}.Release|Mixed Platforms.ActiveCfg = Release|Any CPU
		{6A42BBC2-9E01-4086-A3CF-B1FFCB275C87}.Release|Mixed Platforms.Build.0 = Release|Any CPU
		{6A42BBC2-9E01-4086-A3CF-B1FFCB275C87}.Release|x64.ActiveCfg = Release|Any CPU
		{6A42BBC2-9E01-4086-A3CF-B1FFCB275C87}.Release|x64.Build.0 = Release|Any CPU
		{6A42BBC2-9E01-4086-A3CF-B1FFCB275C87}.Release|x86.ActiveCfg = Release|Any CPU
		{6A42BBC2-9E01-4086-A3CF-B1FFCB275C87}.Release|x86.Build.0 = Release|Any CPU
		{CE1A619A-1678-419F-BEF7-5BBA8B810E11}.Debug|Any CPU.ActiveCfg = Debug|Any CPU
		{CE1A619A-1678-419F-BEF7-5BBA8B810E11}.Debug|Any CPU.Build.0 = Debug|Any CPU
		{CE1A619A-1678-419F-BEF7-5BBA8B810E11}.Debug|ARM.ActiveCfg = Debug|Any CPU
		{CE1A619A-1678-419F-BEF7-5BBA8B810E11}.Debug|ARM.Build.0 = Debug|Any CPU
		{CE1A619A-1678-419F-BEF7-5BBA8B810E11}.Debug|ARM64.ActiveCfg = Debug|Any CPU
		{CE1A619A-1678-419F-BEF7-5BBA8B810E11}.Debug|ARM64.Build.0 = Debug|Any CPU
		{CE1A619A-1678-419F-BEF7-5BBA8B810E11}.Debug|Mixed Platforms.ActiveCfg = Debug|Any CPU
		{CE1A619A-1678-419F-BEF7-5BBA8B810E11}.Debug|Mixed Platforms.Build.0 = Debug|Any CPU
		{CE1A619A-1678-419F-BEF7-5BBA8B810E11}.Debug|x64.ActiveCfg = Debug|Any CPU
		{CE1A619A-1678-419F-BEF7-5BBA8B810E11}.Debug|x64.Build.0 = Debug|Any CPU
		{CE1A619A-1678-419F-BEF7-5BBA8B810E11}.Debug|x86.ActiveCfg = Debug|Any CPU
		{CE1A619A-1678-419F-BEF7-5BBA8B810E11}.Debug|x86.Build.0 = Debug|Any CPU
		{CE1A619A-1678-419F-BEF7-5BBA8B810E11}.Release|Any CPU.ActiveCfg = Release|Any CPU
		{CE1A619A-1678-419F-BEF7-5BBA8B810E11}.Release|Any CPU.Build.0 = Release|Any CPU
		{CE1A619A-1678-419F-BEF7-5BBA8B810E11}.Release|ARM.ActiveCfg = Release|Any CPU
		{CE1A619A-1678-419F-BEF7-5BBA8B810E11}.Release|ARM.Build.0 = Release|Any CPU
		{CE1A619A-1678-419F-BEF7-5BBA8B810E11}.Release|ARM64.ActiveCfg = Release|Any CPU
		{CE1A619A-1678-419F-BEF7-5BBA8B810E11}.Release|ARM64.Build.0 = Release|Any CPU
		{CE1A619A-1678-419F-BEF7-5BBA8B810E11}.Release|Mixed Platforms.ActiveCfg = Release|Any CPU
		{CE1A619A-1678-419F-BEF7-5BBA8B810E11}.Release|Mixed Platforms.Build.0 = Release|Any CPU
		{CE1A619A-1678-419F-BEF7-5BBA8B810E11}.Release|x64.ActiveCfg = Release|Any CPU
		{CE1A619A-1678-419F-BEF7-5BBA8B810E11}.Release|x64.Build.0 = Release|Any CPU
		{CE1A619A-1678-419F-BEF7-5BBA8B810E11}.Release|x86.ActiveCfg = Release|Any CPU
		{CE1A619A-1678-419F-BEF7-5BBA8B810E11}.Release|x86.Build.0 = Release|Any CPU
		{0BFCB6B5-C622-49A8-BFF7-A5622E43071B}.Debug|Any CPU.ActiveCfg = Debug|Any CPU
		{0BFCB6B5-C622-49A8-BFF7-A5622E43071B}.Debug|Any CPU.Build.0 = Debug|Any CPU
		{0BFCB6B5-C622-49A8-BFF7-A5622E43071B}.Debug|ARM.ActiveCfg = Debug|Any CPU
		{0BFCB6B5-C622-49A8-BFF7-A5622E43071B}.Debug|ARM.Build.0 = Debug|Any CPU
		{0BFCB6B5-C622-49A8-BFF7-A5622E43071B}.Debug|ARM64.ActiveCfg = Debug|Any CPU
		{0BFCB6B5-C622-49A8-BFF7-A5622E43071B}.Debug|ARM64.Build.0 = Debug|Any CPU
		{0BFCB6B5-C622-49A8-BFF7-A5622E43071B}.Debug|Mixed Platforms.ActiveCfg = Debug|Any CPU
		{0BFCB6B5-C622-49A8-BFF7-A5622E43071B}.Debug|Mixed Platforms.Build.0 = Debug|Any CPU
		{0BFCB6B5-C622-49A8-BFF7-A5622E43071B}.Debug|x64.ActiveCfg = Debug|Any CPU
		{0BFCB6B5-C622-49A8-BFF7-A5622E43071B}.Debug|x64.Build.0 = Debug|Any CPU
		{0BFCB6B5-C622-49A8-BFF7-A5622E43071B}.Debug|x86.ActiveCfg = Debug|Any CPU
		{0BFCB6B5-C622-49A8-BFF7-A5622E43071B}.Debug|x86.Build.0 = Debug|Any CPU
		{0BFCB6B5-C622-49A8-BFF7-A5622E43071B}.Release|Any CPU.ActiveCfg = Release|Any CPU
		{0BFCB6B5-C622-49A8-BFF7-A5622E43071B}.Release|Any CPU.Build.0 = Release|Any CPU
		{0BFCB6B5-C622-49A8-BFF7-A5622E43071B}.Release|ARM.ActiveCfg = Release|Any CPU
		{0BFCB6B5-C622-49A8-BFF7-A5622E43071B}.Release|ARM.Build.0 = Release|Any CPU
		{0BFCB6B5-C622-49A8-BFF7-A5622E43071B}.Release|ARM64.ActiveCfg = Release|Any CPU
		{0BFCB6B5-C622-49A8-BFF7-A5622E43071B}.Release|ARM64.Build.0 = Release|Any CPU
		{0BFCB6B5-C622-49A8-BFF7-A5622E43071B}.Release|Mixed Platforms.ActiveCfg = Release|Any CPU
		{0BFCB6B5-C622-49A8-BFF7-A5622E43071B}.Release|Mixed Platforms.Build.0 = Release|Any CPU
		{0BFCB6B5-C622-49A8-BFF7-A5622E43071B}.Release|x64.ActiveCfg = Release|Any CPU
		{0BFCB6B5-C622-49A8-BFF7-A5622E43071B}.Release|x64.Build.0 = Release|Any CPU
		{0BFCB6B5-C622-49A8-BFF7-A5622E43071B}.Release|x86.ActiveCfg = Release|Any CPU
		{0BFCB6B5-C622-49A8-BFF7-A5622E43071B}.Release|x86.Build.0 = Release|Any CPU
		{B8433471-C736-4C88-AAD9-5B6600D2B961}.Debug|Any CPU.ActiveCfg = Debug|Any CPU
		{B8433471-C736-4C88-AAD9-5B6600D2B961}.Debug|Any CPU.Build.0 = Debug|Any CPU
		{B8433471-C736-4C88-AAD9-5B6600D2B961}.Debug|ARM.ActiveCfg = Debug|Any CPU
		{B8433471-C736-4C88-AAD9-5B6600D2B961}.Debug|ARM.Build.0 = Debug|Any CPU
		{B8433471-C736-4C88-AAD9-5B6600D2B961}.Debug|ARM64.ActiveCfg = Debug|Any CPU
		{B8433471-C736-4C88-AAD9-5B6600D2B961}.Debug|ARM64.Build.0 = Debug|Any CPU
		{B8433471-C736-4C88-AAD9-5B6600D2B961}.Debug|Mixed Platforms.ActiveCfg = Debug|Any CPU
		{B8433471-C736-4C88-AAD9-5B6600D2B961}.Debug|Mixed Platforms.Build.0 = Debug|Any CPU
		{B8433471-C736-4C88-AAD9-5B6600D2B961}.Debug|x64.ActiveCfg = Debug|Any CPU
		{B8433471-C736-4C88-AAD9-5B6600D2B961}.Debug|x64.Build.0 = Debug|Any CPU
		{B8433471-C736-4C88-AAD9-5B6600D2B961}.Debug|x86.ActiveCfg = Debug|Any CPU
		{B8433471-C736-4C88-AAD9-5B6600D2B961}.Debug|x86.Build.0 = Debug|Any CPU
		{B8433471-C736-4C88-AAD9-5B6600D2B961}.Release|Any CPU.ActiveCfg = Release|Any CPU
		{B8433471-C736-4C88-AAD9-5B6600D2B961}.Release|Any CPU.Build.0 = Release|Any CPU
		{B8433471-C736-4C88-AAD9-5B6600D2B961}.Release|ARM.ActiveCfg = Release|Any CPU
		{B8433471-C736-4C88-AAD9-5B6600D2B961}.Release|ARM.Build.0 = Release|Any CPU
		{B8433471-C736-4C88-AAD9-5B6600D2B961}.Release|ARM64.ActiveCfg = Release|Any CPU
		{B8433471-C736-4C88-AAD9-5B6600D2B961}.Release|ARM64.Build.0 = Release|Any CPU
		{B8433471-C736-4C88-AAD9-5B6600D2B961}.Release|Mixed Platforms.ActiveCfg = Release|Any CPU
		{B8433471-C736-4C88-AAD9-5B6600D2B961}.Release|Mixed Platforms.Build.0 = Release|Any CPU
		{B8433471-C736-4C88-AAD9-5B6600D2B961}.Release|x64.ActiveCfg = Release|Any CPU
		{B8433471-C736-4C88-AAD9-5B6600D2B961}.Release|x64.Build.0 = Release|Any CPU
		{B8433471-C736-4C88-AAD9-5B6600D2B961}.Release|x86.ActiveCfg = Release|Any CPU
		{B8433471-C736-4C88-AAD9-5B6600D2B961}.Release|x86.Build.0 = Release|Any CPU
		{41585220-0392-4640-A649-1C9814B750E6}.Debug|Any CPU.ActiveCfg = Debug|Any CPU
		{41585220-0392-4640-A649-1C9814B750E6}.Debug|Any CPU.Build.0 = Debug|Any CPU
		{41585220-0392-4640-A649-1C9814B750E6}.Debug|ARM.ActiveCfg = Debug|Any CPU
		{41585220-0392-4640-A649-1C9814B750E6}.Debug|ARM.Build.0 = Debug|Any CPU
		{41585220-0392-4640-A649-1C9814B750E6}.Debug|ARM64.ActiveCfg = Debug|Any CPU
		{41585220-0392-4640-A649-1C9814B750E6}.Debug|ARM64.Build.0 = Debug|Any CPU
		{41585220-0392-4640-A649-1C9814B750E6}.Debug|Mixed Platforms.ActiveCfg = Debug|Any CPU
		{41585220-0392-4640-A649-1C9814B750E6}.Debug|Mixed Platforms.Build.0 = Debug|Any CPU
		{41585220-0392-4640-A649-1C9814B750E6}.Debug|x64.ActiveCfg = Debug|Any CPU
		{41585220-0392-4640-A649-1C9814B750E6}.Debug|x64.Build.0 = Debug|Any CPU
		{41585220-0392-4640-A649-1C9814B750E6}.Debug|x86.ActiveCfg = Debug|Any CPU
		{41585220-0392-4640-A649-1C9814B750E6}.Debug|x86.Build.0 = Debug|Any CPU
		{41585220-0392-4640-A649-1C9814B750E6}.Release|Any CPU.ActiveCfg = Release|Any CPU
		{41585220-0392-4640-A649-1C9814B750E6}.Release|Any CPU.Build.0 = Release|Any CPU
		{41585220-0392-4640-A649-1C9814B750E6}.Release|ARM.ActiveCfg = Release|Any CPU
		{41585220-0392-4640-A649-1C9814B750E6}.Release|ARM.Build.0 = Release|Any CPU
		{41585220-0392-4640-A649-1C9814B750E6}.Release|ARM64.ActiveCfg = Release|Any CPU
		{41585220-0392-4640-A649-1C9814B750E6}.Release|ARM64.Build.0 = Release|Any CPU
		{41585220-0392-4640-A649-1C9814B750E6}.Release|Mixed Platforms.ActiveCfg = Release|Any CPU
		{41585220-0392-4640-A649-1C9814B750E6}.Release|Mixed Platforms.Build.0 = Release|Any CPU
		{41585220-0392-4640-A649-1C9814B750E6}.Release|x64.ActiveCfg = Release|Any CPU
		{41585220-0392-4640-A649-1C9814B750E6}.Release|x64.Build.0 = Release|Any CPU
		{41585220-0392-4640-A649-1C9814B750E6}.Release|x86.ActiveCfg = Release|Any CPU
		{41585220-0392-4640-A649-1C9814B750E6}.Release|x86.Build.0 = Release|Any CPU
	EndGlobalSection
	GlobalSection(SolutionProperties) = preSolution
		HideSolutionNode = FALSE
	EndGlobalSection
	GlobalSection(ExtensibilityGlobals) = postSolution
		SolutionGuid = {A0F43719-951C-443C-8B95-11C102111F84}
	EndGlobalSection
EndGlobal
